
Microsoft Visual Studio Solution File, Format Version 12.00
# Visual Studio Version 16
VisualStudioVersion = 16.0.29926.136
MinimumVisualStudioVersion = 10.0.40219.1
Project("{FAE04EC0-301F-11D3-BF4B-00C04F79EFBC}") = "MyVet.Common", "MyVet.Common\MyVet.Common.csproj", "{1DC07EEB-481D-40B2-804A-E1BE4D4212FA}"
EndProject
Project("{FAE04EC0-301F-11D3-BF4B-00C04F79EFBC}") = "MyVet.Web", "MyVet.Web\MyVet.Web.csproj", "{C3345E4E-A35B-450F-BD19-20C18B4BF85D}"
EndProject
Global
	GlobalSection(SolutionConfigurationPlatforms) = preSolution
		Debug|Any CPU = Debug|Any CPU
		Release|Any CPU = Release|Any CPU
	EndGlobalSection
	GlobalSection(ProjectConfigurationPlatforms) = postSolution
		{1DC07EEB-481D-40B2-804A-E1BE4D4212FA}.Debug|Any CPU.ActiveCfg = Debug|Any CPU
		{1DC07EEB-481D-40B2-804A-E1BE4D4212FA}.Debug|Any CPU.Build.0 = Debug|Any CPU
		{1DC07EEB-481D-40B2-804A-E1BE4D4212FA}.Release|Any CPU.ActiveCfg = Release|Any CPU
		{1DC07EEB-481D-40B2-804A-E1BE4D4212FA}.Release|Any CPU.Build.0 = Release|Any CPU
		{C3345E4E-A35B-450F-BD19-20C18B4BF85D}.Debug|Any CPU.ActiveCfg = Debug|Any CPU
		{C3345E4E-A35B-450F-BD19-20C18B4BF85D}.Debug|Any CPU.Build.0 = Debug|Any CPU
		{C3345E4E-A35B-450F-BD19-20C18B4BF85D}.Release|Any CPU.ActiveCfg = Release|Any CPU
		{C3345E4E-A35B-450F-BD19-20C18B4BF85D}.Release|Any CPU.Build.0 = Release|Any CPU
	EndGlobalSection
	GlobalSection(SolutionProperties) = preSolution
		HideSolutionNode = FALSE
	EndGlobalSection
	GlobalSection(ExtensibilityGlobals) = postSolution
		SolutionGuid = {C3A753F8-B1A5-497A-BE3B-22E610BC59E6}
	EndGlobalSection
EndGlobal
